
Microsoft Visual Studio Solution File, Format Version 12.00
Project("{FAE04EC0-301F-11D3-BF4B-00C04F79EFBC}") = "SalesWebMvc", "SalesWebMvc\SalesWebMvc.csproj", "{C2E39289-E8A6-4EDE-980B-289E1CD9E556}"
EndProject
Global
	GlobalSection(SolutionConfigurationPlatforms) = preSolution
		Debug|Any CPU = Debug|Any CPU
		Release|Any CPU = Release|Any CPU
	EndGlobalSection
	GlobalSection(ProjectConfigurationPlatforms) = postSolution
		{C2E39289-E8A6-4EDE-980B-289E1CD9E556}.Debug|Any CPU.ActiveCfg = Debug|Any CPU
		{C2E39289-E8A6-4EDE-980B-289E1CD9E556}.Debug|Any CPU.Build.0 = Debug|Any CPU
		{C2E39289-E8A6-4EDE-980B-289E1CD9E556}.Release|Any CPU.ActiveCfg = Release|Any CPU
		{C2E39289-E8A6-4EDE-980B-289E1CD9E556}.Release|Any CPU.Build.0 = Release|Any CPU
	EndGlobalSection
EndGlobal
